
Microsoft Visual Studio Solution File, Format Version 12.00
# Visual Studio 15
VisualStudioVersion = 15.0.28307.421
MinimumVisualStudioVersion = 10.0.40219.1
Project("{FAE04EC0-301F-11D3-BF4B-00C04F79EFBC}") = "Swica.Excel", "Swica.Excel\Swica.Excel.csproj", "{B53FC01F-80FE-452F-A871-6898B9A9A9F9}"
EndProject
Project("{FAE04EC0-301F-11D3-BF4B-00C04F79EFBC}") = "Excel-parse", "Excel-parse\Excel-parse.csproj", "{D23418C5-03E3-4379-BA13-F744A5BED736}"
EndProject
Global
	GlobalSection(SolutionConfigurationPlatforms) = preSolution
		Debug|Any CPU = Debug|Any CPU
		Release|Any CPU = Release|Any CPU
	EndGlobalSection
	GlobalSection(ProjectConfigurationPlatforms) = postSolution
		{B53FC01F-80FE-452F-A871-6898B9A9A9F9}.Debug|Any CPU.ActiveCfg = Debug|Any CPU
		{B53FC01F-80FE-452F-A871-6898B9A9A9F9}.Debug|Any CPU.Build.0 = Debug|Any CPU
		{B53FC01F-80FE-452F-A871-6898B9A9A9F9}.Release|Any CPU.ActiveCfg = Release|Any CPU
		{B53FC01F-80FE-452F-A871-6898B9A9A9F9}.Release|Any CPU.Build.0 = Release|Any CPU
		{D23418C5-03E3-4379-BA13-F744A5BED736}.Debug|Any CPU.ActiveCfg = Debug|Any CPU
		{D23418C5-03E3-4379-BA13-F744A5BED736}.Debug|Any CPU.Build.0 = Debug|Any CPU
		{D23418C5-03E3-4379-BA13-F744A5BED736}.Release|Any CPU.ActiveCfg = Release|Any CPU
		{D23418C5-03E3-4379-BA13-F744A5BED736}.Release|Any CPU.Build.0 = Release|Any CPU
	EndGlobalSection
	GlobalSection(SolutionProperties) = preSolution
		HideSolutionNode = FALSE
	EndGlobalSection
	GlobalSection(ExtensibilityGlobals) = postSolution
		SolutionGuid = {A7308606-1326-4B1A-94DD-3BEB4CE810B6}
	EndGlobalSection
EndGlobal
